
Microsoft Visual Studio Solution File, Format Version 12.00
# Visual Studio 15
VisualStudioVersion = 15.0.28307.421
MinimumVisualStudioVersion = 10.0.40219.1
Project("{FAE04EC0-301F-11D3-BF4B-00C04F79EFBC}") = "20190325_色相環、WriteableBitmap", "20190325_色相環、WriteableBitmap\20190325_色相環、WriteableBitmap.csproj", "{F5DC102B-12DE-4A3B-A263-8ABCB5A5654D}"
EndProject
Global
	GlobalSection(SolutionConfigurationPlatforms) = preSolution
		Debug|Any CPU = Debug|Any CPU
		Release|Any CPU = Release|Any CPU
	EndGlobalSection
	GlobalSection(ProjectConfigurationPlatforms) = postSolution
		{F5DC102B-12DE-4A3B-A263-8ABCB5A5654D}.Debug|Any CPU.ActiveCfg = Debug|Any CPU
		{F5DC102B-12DE-4A3B-A263-8ABCB5A5654D}.Debug|Any CPU.Build.0 = Debug|Any CPU
		{F5DC102B-12DE-4A3B-A263-8ABCB5A5654D}.Release|Any CPU.ActiveCfg = Release|Any CPU
		{F5DC102B-12DE-4A3B-A263-8ABCB5A5654D}.Release|Any CPU.Build.0 = Release|Any CPU
	EndGlobalSection
	GlobalSection(SolutionProperties) = preSolution
		HideSolutionNode = FALSE
	EndGlobalSection
	GlobalSection(ExtensibilityGlobals) = postSolution
		SolutionGuid = {8AF4F52B-1C4F-4D67-9A6D-906D9D57BB86}
	EndGlobalSection
EndGlobal
