
Microsoft Visual Studio Solution File, Format Version 12.00
# Visual Studio Version 16
VisualStudioVersion = 16.0.28729.10
MinimumVisualStudioVersion = 10.0.40219.1
Project("{FAE04EC0-301F-11D3-BF4B-00C04F79EFBC}") = "20190402_色相円の棒グラフ", "20190402_色相円の棒グラフ\20190402_色相円の棒グラフ.csproj", "{6275E090-A80F-4635-B19D-73A3FF5E8DEA}"
EndProject
Global
	GlobalSection(SolutionConfigurationPlatforms) = preSolution
		Debug|Any CPU = Debug|Any CPU
		Debug|x64 = Debug|x64
		Release|Any CPU = Release|Any CPU
		Release|x64 = Release|x64
	EndGlobalSection
	GlobalSection(ProjectConfigurationPlatforms) = postSolution
		{6275E090-A80F-4635-B19D-73A3FF5E8DEA}.Debug|Any CPU.ActiveCfg = Debug|Any CPU
		{6275E090-A80F-4635-B19D-73A3FF5E8DEA}.Debug|Any CPU.Build.0 = Debug|Any CPU
		{6275E090-A80F-4635-B19D-73A3FF5E8DEA}.Debug|x64.ActiveCfg = Debug|x64
		{6275E090-A80F-4635-B19D-73A3FF5E8DEA}.Debug|x64.Build.0 = Debug|x64
		{6275E090-A80F-4635-B19D-73A3FF5E8DEA}.Release|Any CPU.ActiveCfg = Release|Any CPU
		{6275E090-A80F-4635-B19D-73A3FF5E8DEA}.Release|Any CPU.Build.0 = Release|Any CPU
		{6275E090-A80F-4635-B19D-73A3FF5E8DEA}.Release|x64.ActiveCfg = Release|x64
		{6275E090-A80F-4635-B19D-73A3FF5E8DEA}.Release|x64.Build.0 = Release|x64
	EndGlobalSection
	GlobalSection(SolutionProperties) = preSolution
		HideSolutionNode = FALSE
	EndGlobalSection
	GlobalSection(ExtensibilityGlobals) = postSolution
		SolutionGuid = {6CE8EAE6-10F0-405A-8295-F8611722A6A4}
	EndGlobalSection
EndGlobal
