
Microsoft Visual Studio Solution File, Format Version 12.00
# Visual Studio Version 16
VisualStudioVersion = 16.0.28729.10
MinimumVisualStudioVersion = 10.0.40219.1
Project("{FAE04EC0-301F-11D3-BF4B-00C04F79EFBC}") = "20190408_色相円の●グラフ", "20190408_色相円の●グラフ\20190408_色相円の●グラフ.csproj", "{0B91F029-57C5-4760-99D7-CE3E2E79F96C}"
EndProject
Global
	GlobalSection(SolutionConfigurationPlatforms) = preSolution
		Debug|Any CPU = Debug|Any CPU
		Release|Any CPU = Release|Any CPU
	EndGlobalSection
	GlobalSection(ProjectConfigurationPlatforms) = postSolution
		{0B91F029-57C5-4760-99D7-CE3E2E79F96C}.Debug|Any CPU.ActiveCfg = Debug|Any CPU
		{0B91F029-57C5-4760-99D7-CE3E2E79F96C}.Debug|Any CPU.Build.0 = Debug|Any CPU
		{0B91F029-57C5-4760-99D7-CE3E2E79F96C}.Release|Any CPU.ActiveCfg = Release|Any CPU
		{0B91F029-57C5-4760-99D7-CE3E2E79F96C}.Release|Any CPU.Build.0 = Release|Any CPU
	EndGlobalSection
	GlobalSection(SolutionProperties) = preSolution
		HideSolutionNode = FALSE
	EndGlobalSection
	GlobalSection(ExtensibilityGlobals) = postSolution
		SolutionGuid = {EACC289D-B8EB-4300-90D7-96841FAE33E4}
	EndGlobalSection
EndGlobal
