
Microsoft Visual Studio Solution File, Format Version 12.00
# Visual Studio Version 16
VisualStudioVersion = 16.0.28922.388
MinimumVisualStudioVersion = 10.0.40219.1
Project("{FAE04EC0-301F-11D3-BF4B-00C04F79EFBC}") = "20190604_平方根", "20190604_平方根\20190604_平方根.csproj", "{53670CD9-84EA-4080-8CFF-80A084C61235}"
EndProject
Global
	GlobalSection(SolutionConfigurationPlatforms) = preSolution
		Debug|Any CPU = Debug|Any CPU
		Debug|x64 = Debug|x64
		Release|Any CPU = Release|Any CPU
		Release|x64 = Release|x64
	EndGlobalSection
	GlobalSection(ProjectConfigurationPlatforms) = postSolution
		{53670CD9-84EA-4080-8CFF-80A084C61235}.Debug|Any CPU.ActiveCfg = Debug|Any CPU
		{53670CD9-84EA-4080-8CFF-80A084C61235}.Debug|Any CPU.Build.0 = Debug|Any CPU
		{53670CD9-84EA-4080-8CFF-80A084C61235}.Debug|x64.ActiveCfg = Debug|x64
		{53670CD9-84EA-4080-8CFF-80A084C61235}.Debug|x64.Build.0 = Debug|x64
		{53670CD9-84EA-4080-8CFF-80A084C61235}.Release|Any CPU.ActiveCfg = Release|Any CPU
		{53670CD9-84EA-4080-8CFF-80A084C61235}.Release|Any CPU.Build.0 = Release|Any CPU
		{53670CD9-84EA-4080-8CFF-80A084C61235}.Release|x64.ActiveCfg = Release|x64
		{53670CD9-84EA-4080-8CFF-80A084C61235}.Release|x64.Build.0 = Release|x64
	EndGlobalSection
	GlobalSection(SolutionProperties) = preSolution
		HideSolutionNode = FALSE
	EndGlobalSection
	GlobalSection(ExtensibilityGlobals) = postSolution
		SolutionGuid = {BE9320DC-B2F6-46FA-8709-6AB3FB4702EF}
	EndGlobalSection
EndGlobal
