
Microsoft Visual Studio Solution File, Format Version 12.00
# Visual Studio Version 16
VisualStudioVersion = 16.0.28803.202
MinimumVisualStudioVersion = 10.0.40219.1
Project("{FAE04EC0-301F-11D3-BF4B-00C04F79EFBC}") = "20190427_ガウス関数", "20190427_ガウス関数\20190427_ガウス関数.csproj", "{9F947104-C20A-4EE0-A8B1-2F2AFB793FB2}"
EndProject
Global
	GlobalSection(SolutionConfigurationPlatforms) = preSolution
		Debug|Any CPU = Debug|Any CPU
		Release|Any CPU = Release|Any CPU
	EndGlobalSection
	GlobalSection(ProjectConfigurationPlatforms) = postSolution
		{9F947104-C20A-4EE0-A8B1-2F2AFB793FB2}.Debug|Any CPU.ActiveCfg = Debug|Any CPU
		{9F947104-C20A-4EE0-A8B1-2F2AFB793FB2}.Debug|Any CPU.Build.0 = Debug|Any CPU
		{9F947104-C20A-4EE0-A8B1-2F2AFB793FB2}.Release|Any CPU.ActiveCfg = Release|Any CPU
		{9F947104-C20A-4EE0-A8B1-2F2AFB793FB2}.Release|Any CPU.Build.0 = Release|Any CPU
	EndGlobalSection
	GlobalSection(SolutionProperties) = preSolution
		HideSolutionNode = FALSE
	EndGlobalSection
	GlobalSection(ExtensibilityGlobals) = postSolution
		SolutionGuid = {12D3664C-A24B-4A59-B79E-684CECE127AA}
	EndGlobalSection
EndGlobal
