
Microsoft Visual Studio Solution File, Format Version 12.00
# Visual Studio Version 16
VisualStudioVersion = 16.0.28729.10
MinimumVisualStudioVersion = 10.0.40219.1
Project("{FAE04EC0-301F-11D3-BF4B-00C04F79EFBC}") = "20190407_グレースケールIndexed4リスト", "20190407_グレースケールIndexed4リスト\20190407_グレースケールIndexed4リスト.csproj", "{8383D3CC-E110-4E50-B873-A0AF4105DE89}"
EndProject
Global
	GlobalSection(SolutionConfigurationPlatforms) = preSolution
		Debug|Any CPU = Debug|Any CPU
		Debug|x64 = Debug|x64
		Release|Any CPU = Release|Any CPU
		Release|x64 = Release|x64
	EndGlobalSection
	GlobalSection(ProjectConfigurationPlatforms) = postSolution
		{8383D3CC-E110-4E50-B873-A0AF4105DE89}.Debug|Any CPU.ActiveCfg = Debug|Any CPU
		{8383D3CC-E110-4E50-B873-A0AF4105DE89}.Debug|Any CPU.Build.0 = Debug|Any CPU
		{8383D3CC-E110-4E50-B873-A0AF4105DE89}.Debug|x64.ActiveCfg = Debug|x64
		{8383D3CC-E110-4E50-B873-A0AF4105DE89}.Debug|x64.Build.0 = Debug|x64
		{8383D3CC-E110-4E50-B873-A0AF4105DE89}.Release|Any CPU.ActiveCfg = Release|Any CPU
		{8383D3CC-E110-4E50-B873-A0AF4105DE89}.Release|Any CPU.Build.0 = Release|Any CPU
		{8383D3CC-E110-4E50-B873-A0AF4105DE89}.Release|x64.ActiveCfg = Release|x64
		{8383D3CC-E110-4E50-B873-A0AF4105DE89}.Release|x64.Build.0 = Release|x64
	EndGlobalSection
	GlobalSection(SolutionProperties) = preSolution
		HideSolutionNode = FALSE
	EndGlobalSection
	GlobalSection(ExtensibilityGlobals) = postSolution
		SolutionGuid = {ACC72B76-F24B-475C-B0BC-262FA36037CC}
	EndGlobalSection
EndGlobal
