
Microsoft Visual Studio Solution File, Format Version 12.00
# Visual Studio Version 16
VisualStudioVersion = 16.0.28803.202
MinimumVisualStudioVersion = 10.0.40219.1
Project("{FAE04EC0-301F-11D3-BF4B-00C04F79EFBC}") = "20190419_バイラテラルフィルタ", "20190419_バイラテラルフィルタ\20190419_バイラテラルフィルタ.csproj", "{770A7A06-D1EE-4284-9679-DFCD9F3631BC}"
EndProject
Global
	GlobalSection(SolutionConfigurationPlatforms) = preSolution
		Debug|Any CPU = Debug|Any CPU
		Release|Any CPU = Release|Any CPU
	EndGlobalSection
	GlobalSection(ProjectConfigurationPlatforms) = postSolution
		{770A7A06-D1EE-4284-9679-DFCD9F3631BC}.Debug|Any CPU.ActiveCfg = Debug|Any CPU
		{770A7A06-D1EE-4284-9679-DFCD9F3631BC}.Debug|Any CPU.Build.0 = Debug|Any CPU
		{770A7A06-D1EE-4284-9679-DFCD9F3631BC}.Release|Any CPU.ActiveCfg = Release|Any CPU
		{770A7A06-D1EE-4284-9679-DFCD9F3631BC}.Release|Any CPU.Build.0 = Release|Any CPU
	EndGlobalSection
	GlobalSection(SolutionProperties) = preSolution
		HideSolutionNode = FALSE
	EndGlobalSection
	GlobalSection(ExtensibilityGlobals) = postSolution
		SolutionGuid = {CCC5AA95-E2FE-4F25-A0C5-7E765433336E}
	EndGlobalSection
EndGlobal
