
Microsoft Visual Studio Solution File, Format Version 12.00
# Visual Studio 15
VisualStudioVersion = 15.0.28307.421
MinimumVisualStudioVersion = 10.0.40219.1
Project("{FAE04EC0-301F-11D3-BF4B-00C04F79EFBC}") = "20190311_BindingScaleCanvasImage", "20190311_BindingScaleCanvasImage\20190311_BindingScaleCanvasImage.csproj", "{D1D08B98-DC3C-4283-9A3F-77B0DB06BCA9}"
EndProject
Global
	GlobalSection(SolutionConfigurationPlatforms) = preSolution
		Debug|Any CPU = Debug|Any CPU
		Release|Any CPU = Release|Any CPU
	EndGlobalSection
	GlobalSection(ProjectConfigurationPlatforms) = postSolution
		{D1D08B98-DC3C-4283-9A3F-77B0DB06BCA9}.Debug|Any CPU.ActiveCfg = Debug|Any CPU
		{D1D08B98-DC3C-4283-9A3F-77B0DB06BCA9}.Debug|Any CPU.Build.0 = Debug|Any CPU
		{D1D08B98-DC3C-4283-9A3F-77B0DB06BCA9}.Release|Any CPU.ActiveCfg = Release|Any CPU
		{D1D08B98-DC3C-4283-9A3F-77B0DB06BCA9}.Release|Any CPU.Build.0 = Release|Any CPU
	EndGlobalSection
	GlobalSection(SolutionProperties) = preSolution
		HideSolutionNode = FALSE
	EndGlobalSection
	GlobalSection(ExtensibilityGlobals) = postSolution
		SolutionGuid = {E6AA4724-F63A-44FB-8478-F34034B1E4B6}
	EndGlobalSection
EndGlobal
