
Microsoft Visual Studio Solution File, Format Version 12.00
# Visual Studio Version 16
VisualStudioVersion = 16.0.28917.181
MinimumVisualStudioVersion = 10.0.40219.1
Project("{FAE04EC0-301F-11D3-BF4B-00C04F79EFBC}") = "20190523_ノイズ付加、正規乱数_カラー版", "20190523_ノイズ付加、正規乱数_カラー版\20190523_ノイズ付加、正規乱数_カラー版.csproj", "{65777296-173B-4B42-B9A4-B6EF9AF7E4F9}"
EndProject
Global
	GlobalSection(SolutionConfigurationPlatforms) = preSolution
		Debug|Any CPU = Debug|Any CPU
		Debug|x64 = Debug|x64
		Release|Any CPU = Release|Any CPU
		Release|x64 = Release|x64
	EndGlobalSection
	GlobalSection(ProjectConfigurationPlatforms) = postSolution
		{65777296-173B-4B42-B9A4-B6EF9AF7E4F9}.Debug|Any CPU.ActiveCfg = Debug|Any CPU
		{65777296-173B-4B42-B9A4-B6EF9AF7E4F9}.Debug|Any CPU.Build.0 = Debug|Any CPU
		{65777296-173B-4B42-B9A4-B6EF9AF7E4F9}.Debug|x64.ActiveCfg = Debug|x64
		{65777296-173B-4B42-B9A4-B6EF9AF7E4F9}.Debug|x64.Build.0 = Debug|x64
		{65777296-173B-4B42-B9A4-B6EF9AF7E4F9}.Release|Any CPU.ActiveCfg = Release|Any CPU
		{65777296-173B-4B42-B9A4-B6EF9AF7E4F9}.Release|Any CPU.Build.0 = Release|Any CPU
		{65777296-173B-4B42-B9A4-B6EF9AF7E4F9}.Release|x64.ActiveCfg = Release|x64
		{65777296-173B-4B42-B9A4-B6EF9AF7E4F9}.Release|x64.Build.0 = Release|x64
	EndGlobalSection
	GlobalSection(SolutionProperties) = preSolution
		HideSolutionNode = FALSE
	EndGlobalSection
	GlobalSection(ExtensibilityGlobals) = postSolution
		SolutionGuid = {7C9AEC79-7FBC-4BCF-BBD4-9A7E86E15C8D}
	EndGlobalSection
EndGlobal
