
Microsoft Visual Studio Solution File, Format Version 12.00
# Visual Studio 15
VisualStudioVersion = 15.0.28307.421
MinimumVisualStudioVersion = 10.0.40219.1
Project("{FAE04EC0-301F-11D3-BF4B-00C04F79EFBC}") = "WpfApp1", "WpfApp1\WpfApp1.csproj", "{3F097658-B4C5-486D-99C8-A602901F4D7A}"
EndProject
Global
	GlobalSection(SolutionConfigurationPlatforms) = preSolution
		Debug|Any CPU = Debug|Any CPU
		Release|Any CPU = Release|Any CPU
	EndGlobalSection
	GlobalSection(ProjectConfigurationPlatforms) = postSolution
		{3F097658-B4C5-486D-99C8-A602901F4D7A}.Debug|Any CPU.ActiveCfg = Debug|Any CPU
		{3F097658-B4C5-486D-99C8-A602901F4D7A}.Debug|Any CPU.Build.0 = Debug|Any CPU
		{3F097658-B4C5-486D-99C8-A602901F4D7A}.Release|Any CPU.ActiveCfg = Release|Any CPU
		{3F097658-B4C5-486D-99C8-A602901F4D7A}.Release|Any CPU.Build.0 = Release|Any CPU
	EndGlobalSection
	GlobalSection(SolutionProperties) = preSolution
		HideSolutionNode = FALSE
	EndGlobalSection
	GlobalSection(ExtensibilityGlobals) = postSolution
		SolutionGuid = {F014ED4A-D258-4920-8DDC-E92546747223}
	EndGlobalSection
EndGlobal
