
Microsoft Visual Studio Solution File, Format Version 12.00
# Visual Studio Version 16
VisualStudioVersion = 16.0.28922.388
MinimumVisualStudioVersion = 10.0.40219.1
Project("{FAE04EC0-301F-11D3-BF4B-00C04F79EFBC}") = "20190525_bitmapPalelle", "20190525_bitmapPalelle\20190525_bitmapPalelle.csproj", "{73A60956-61A9-42D6-BB46-197FDF79F9AB}"
EndProject
Global
	GlobalSection(SolutionConfigurationPlatforms) = preSolution
		Debug|Any CPU = Debug|Any CPU
		Release|Any CPU = Release|Any CPU
	EndGlobalSection
	GlobalSection(ProjectConfigurationPlatforms) = postSolution
		{73A60956-61A9-42D6-BB46-197FDF79F9AB}.Debug|Any CPU.ActiveCfg = Debug|Any CPU
		{73A60956-61A9-42D6-BB46-197FDF79F9AB}.Debug|Any CPU.Build.0 = Debug|Any CPU
		{73A60956-61A9-42D6-BB46-197FDF79F9AB}.Release|Any CPU.ActiveCfg = Release|Any CPU
		{73A60956-61A9-42D6-BB46-197FDF79F9AB}.Release|Any CPU.Build.0 = Release|Any CPU
	EndGlobalSection
	GlobalSection(SolutionProperties) = preSolution
		HideSolutionNode = FALSE
	EndGlobalSection
	GlobalSection(ExtensibilityGlobals) = postSolution
		SolutionGuid = {87075EB5-5879-4C43-A620-D639752B2E27}
	EndGlobalSection
EndGlobal
