
Microsoft Visual Studio Solution File, Format Version 12.00
# Visual Studio Version 16
VisualStudioVersion = 16.0.28803.156
MinimumVisualStudioVersion = 10.0.40219.1
Project("{FAE04EC0-301F-11D3-BF4B-00C04F79EFBC}") = "20190418_画像のエッジ抽出", "20190418_画像のエッジ抽出\20190418_画像のエッジ抽出.csproj", "{76A24B85-A2E6-4CDC-A994-D94F477EB144}"
EndProject
Global
	GlobalSection(SolutionConfigurationPlatforms) = preSolution
		Debug|Any CPU = Debug|Any CPU
		Release|Any CPU = Release|Any CPU
	EndGlobalSection
	GlobalSection(ProjectConfigurationPlatforms) = postSolution
		{76A24B85-A2E6-4CDC-A994-D94F477EB144}.Debug|Any CPU.ActiveCfg = Debug|Any CPU
		{76A24B85-A2E6-4CDC-A994-D94F477EB144}.Debug|Any CPU.Build.0 = Debug|Any CPU
		{76A24B85-A2E6-4CDC-A994-D94F477EB144}.Release|Any CPU.ActiveCfg = Release|Any CPU
		{76A24B85-A2E6-4CDC-A994-D94F477EB144}.Release|Any CPU.Build.0 = Release|Any CPU
	EndGlobalSection
	GlobalSection(SolutionProperties) = preSolution
		HideSolutionNode = FALSE
	EndGlobalSection
	GlobalSection(ExtensibilityGlobals) = postSolution
		SolutionGuid = {5A6E0D77-BB68-4924-8D9D-28AE2327DC54}
	EndGlobalSection
EndGlobal
