
Microsoft Visual Studio Solution File, Format Version 12.00
# Visual Studio 15
VisualStudioVersion = 15.0.28307.421
MinimumVisualStudioVersion = 10.0.40219.1
Project("{FAE04EC0-301F-11D3-BF4B-00C04F79EFBC}") = "20190318_画像の使用色数24bit", "20190318_画像の使用色数24bit\20190318_画像の使用色数24bit.csproj", "{D2BEF5A3-D59A-4895-A296-FDAF838F3506}"
EndProject
Global
	GlobalSection(SolutionConfigurationPlatforms) = preSolution
		Debug|Any CPU = Debug|Any CPU
		Debug|x64 = Debug|x64
		Release|Any CPU = Release|Any CPU
		Release|x64 = Release|x64
	EndGlobalSection
	GlobalSection(ProjectConfigurationPlatforms) = postSolution
		{D2BEF5A3-D59A-4895-A296-FDAF838F3506}.Debug|Any CPU.ActiveCfg = Debug|Any CPU
		{D2BEF5A3-D59A-4895-A296-FDAF838F3506}.Debug|Any CPU.Build.0 = Debug|Any CPU
		{D2BEF5A3-D59A-4895-A296-FDAF838F3506}.Debug|x64.ActiveCfg = Debug|x64
		{D2BEF5A3-D59A-4895-A296-FDAF838F3506}.Debug|x64.Build.0 = Debug|x64
		{D2BEF5A3-D59A-4895-A296-FDAF838F3506}.Release|Any CPU.ActiveCfg = Release|Any CPU
		{D2BEF5A3-D59A-4895-A296-FDAF838F3506}.Release|Any CPU.Build.0 = Release|Any CPU
		{D2BEF5A3-D59A-4895-A296-FDAF838F3506}.Release|x64.ActiveCfg = Release|x64
		{D2BEF5A3-D59A-4895-A296-FDAF838F3506}.Release|x64.Build.0 = Release|x64
	EndGlobalSection
	GlobalSection(SolutionProperties) = preSolution
		HideSolutionNode = FALSE
	EndGlobalSection
	GlobalSection(ExtensibilityGlobals) = postSolution
		SolutionGuid = {C34B103C-68D8-48BD-B58D-65F9F235CFAC}
	EndGlobalSection
EndGlobal
